
Microsoft Visual Studio Solution File, Format Version 12.00
# Visual Studio 2012
Project("{FAE04EC0-301F-11D3-BF4B-00C04F79EFBC}") = "MessageNodes", "MessageNodes\MessageNodes.csproj", "{6A0AFB1F-8219-4A08-85F7-B7F19B66AC16}"
EndProject
Project("{FAE04EC0-301F-11D3-BF4B-00C04F79EFBC}") = "MessageCore", "MessageCore\MessageCore.csproj", "{C2F6EC8A-AA56-4121-B60F-72012D192835}"
EndProject
Project("{FAE04EC0-301F-11D3-BF4B-00C04F79EFBC}") = "DateTime", "DateTime\DateTime.csproj", "{BC1A08BB-5834-48F9-A661-61C8343BE1F4}"
EndProject
Project("{FAE04EC0-301F-11D3-BF4B-00C04F79EFBC}") = "OSCNodes", "OSC\OSCNodes.csproj", "{9C003731-1D47-4E89-B598-B10ED16EA2BF}"
EndProject
Project("{FAE04EC0-301F-11D3-BF4B-00C04F79EFBC}") = "SpreadOperations", "SpreadOperations\SpreadOperations.csproj", "{6B67BBDA-F27B-4905-8F5C-490C3B8AE7F1}"
EndProject
Global
	GlobalSection(SolutionConfigurationPlatforms) = preSolution
		Debug|Any CPU = Debug|Any CPU
		Debug|Mixed Platforms = Debug|Mixed Platforms
		Debug|x64 = Debug|x64
		Debug|x86 = Debug|x86
		Release|Any CPU = Release|Any CPU
		Release|Mixed Platforms = Release|Mixed Platforms
		Release|x64 = Release|x64
		Release|x86 = Release|x86
	EndGlobalSection
	GlobalSection(ProjectConfigurationPlatforms) = postSolution
		{6A0AFB1F-8219-4A08-85F7-B7F19B66AC16}.Debug|Any CPU.ActiveCfg = Debug|Any CPU
		{6A0AFB1F-8219-4A08-85F7-B7F19B66AC16}.Debug|Any CPU.Build.0 = Debug|Any CPU
		{6A0AFB1F-8219-4A08-85F7-B7F19B66AC16}.Debug|Mixed Platforms.ActiveCfg = Debug|Any CPU
		{6A0AFB1F-8219-4A08-85F7-B7F19B66AC16}.Debug|Mixed Platforms.Build.0 = Debug|Any CPU
		{6A0AFB1F-8219-4A08-85F7-B7F19B66AC16}.Debug|x64.ActiveCfg = Debug|x64
		{6A0AFB1F-8219-4A08-85F7-B7F19B66AC16}.Debug|x64.Build.0 = Debug|x64
		{6A0AFB1F-8219-4A08-85F7-B7F19B66AC16}.Debug|x86.ActiveCfg = Debug|x86
		{6A0AFB1F-8219-4A08-85F7-B7F19B66AC16}.Debug|x86.Build.0 = Debug|x86
		{6A0AFB1F-8219-4A08-85F7-B7F19B66AC16}.Release|Any CPU.ActiveCfg = Debug|Any CPU
		{6A0AFB1F-8219-4A08-85F7-B7F19B66AC16}.Release|Any CPU.Build.0 = Debug|Any CPU
		{6A0AFB1F-8219-4A08-85F7-B7F19B66AC16}.Release|Mixed Platforms.ActiveCfg = Debug|x86
		{6A0AFB1F-8219-4A08-85F7-B7F19B66AC16}.Release|Mixed Platforms.Build.0 = Debug|x86
		{6A0AFB1F-8219-4A08-85F7-B7F19B66AC16}.Release|x64.ActiveCfg = Release|x64
		{6A0AFB1F-8219-4A08-85F7-B7F19B66AC16}.Release|x64.Build.0 = Release|x64
		{6A0AFB1F-8219-4A08-85F7-B7F19B66AC16}.Release|x86.ActiveCfg = Debug|x86
		{6A0AFB1F-8219-4A08-85F7-B7F19B66AC16}.Release|x86.Build.0 = Debug|x86
		{C2F6EC8A-AA56-4121-B60F-72012D192835}.Debug|Any CPU.ActiveCfg = Debug|Any CPU
		{C2F6EC8A-AA56-4121-B60F-72012D192835}.Debug|Any CPU.Build.0 = Debug|Any CPU
		{C2F6EC8A-AA56-4121-B60F-72012D192835}.Debug|Mixed Platforms.ActiveCfg = Debug|x86
		{C2F6EC8A-AA56-4121-B60F-72012D192835}.Debug|Mixed Platforms.Build.0 = Debug|x86
		{C2F6EC8A-AA56-4121-B60F-72012D192835}.Debug|x64.ActiveCfg = Debug|x64
		{C2F6EC8A-AA56-4121-B60F-72012D192835}.Debug|x64.Build.0 = Debug|x64
		{C2F6EC8A-AA56-4121-B60F-72012D192835}.Debug|x86.ActiveCfg = Debug|x86
		{C2F6EC8A-AA56-4121-B60F-72012D192835}.Debug|x86.Build.0 = Debug|x86
		{C2F6EC8A-AA56-4121-B60F-72012D192835}.Release|Any CPU.ActiveCfg = Release|Any CPU
		{C2F6EC8A-AA56-4121-B60F-72012D192835}.Release|Any CPU.Build.0 = Release|Any CPU
		{C2F6EC8A-AA56-4121-B60F-72012D192835}.Release|Mixed Platforms.ActiveCfg = Release|x86
		{C2F6EC8A-AA56-4121-B60F-72012D192835}.Release|Mixed Platforms.Build.0 = Release|x86
		{C2F6EC8A-AA56-4121-B60F-72012D192835}.Release|x64.ActiveCfg = Release|x64
		{C2F6EC8A-AA56-4121-B60F-72012D192835}.Release|x64.Build.0 = Release|x64
		{C2F6EC8A-AA56-4121-B60F-72012D192835}.Release|x86.ActiveCfg = Release|x86
		{C2F6EC8A-AA56-4121-B60F-72012D192835}.Release|x86.Build.0 = Release|x86
		{BC1A08BB-5834-48F9-A661-61C8343BE1F4}.Debug|Any CPU.ActiveCfg = Debug|Any CPU
		{BC1A08BB-5834-48F9-A661-61C8343BE1F4}.Debug|Any CPU.Build.0 = Debug|Any CPU
		{BC1A08BB-5834-48F9-A661-61C8343BE1F4}.Debug|Mixed Platforms.ActiveCfg = Debug|x86
		{BC1A08BB-5834-48F9-A661-61C8343BE1F4}.Debug|Mixed Platforms.Build.0 = Debug|x86
		{BC1A08BB-5834-48F9-A661-61C8343BE1F4}.Debug|x64.ActiveCfg = Debug|x64
		{BC1A08BB-5834-48F9-A661-61C8343BE1F4}.Debug|x64.Build.0 = Debug|x64
		{BC1A08BB-5834-48F9-A661-61C8343BE1F4}.Debug|x86.ActiveCfg = Debug|x86
		{BC1A08BB-5834-48F9-A661-61C8343BE1F4}.Debug|x86.Build.0 = Debug|x86
		{BC1A08BB-5834-48F9-A661-61C8343BE1F4}.Release|Any CPU.ActiveCfg = Release|Any CPU
		{BC1A08BB-5834-48F9-A661-61C8343BE1F4}.Release|Any CPU.Build.0 = Release|Any CPU
		{BC1A08BB-5834-48F9-A661-61C8343BE1F4}.Release|Mixed Platforms.ActiveCfg = Release|x86
		{BC1A08BB-5834-48F9-A661-61C8343BE1F4}.Release|Mixed Platforms.Build.0 = Release|x86
		{BC1A08BB-5834-48F9-A661-61C8343BE1F4}.Release|x64.ActiveCfg = Release|x64
		{BC1A08BB-5834-48F9-A661-61C8343BE1F4}.Release|x64.Build.0 = Release|x64
		{BC1A08BB-5834-48F9-A661-61C8343BE1F4}.Release|x86.ActiveCfg = Release|x86
		{BC1A08BB-5834-48F9-A661-61C8343BE1F4}.Release|x86.Build.0 = Release|x86
		{9C003731-1D47-4E89-B598-B10ED16EA2BF}.Debug|Any CPU.ActiveCfg = Debug|Any CPU
		{9C003731-1D47-4E89-B598-B10ED16EA2BF}.Debug|Any CPU.Build.0 = Debug|Any CPU
		{9C003731-1D47-4E89-B598-B10ED16EA2BF}.Debug|Mixed Platforms.ActiveCfg = Debug|x86
		{9C003731-1D47-4E89-B598-B10ED16EA2BF}.Debug|Mixed Platforms.Build.0 = Debug|x86
		{9C003731-1D47-4E89-B598-B10ED16EA2BF}.Debug|x64.ActiveCfg = Debug|x64
		{9C003731-1D47-4E89-B598-B10ED16EA2BF}.Debug|x64.Build.0 = Debug|x64
		{9C003731-1D47-4E89-B598-B10ED16EA2BF}.Debug|x86.ActiveCfg = Debug|x86
		{9C003731-1D47-4E89-B598-B10ED16EA2BF}.Debug|x86.Build.0 = Debug|x86
		{9C003731-1D47-4E89-B598-B10ED16EA2BF}.Release|Any CPU.ActiveCfg = Release|Any CPU
		{9C003731-1D47-4E89-B598-B10ED16EA2BF}.Release|Any CPU.Build.0 = Release|Any CPU
		{9C003731-1D47-4E89-B598-B10ED16EA2BF}.Release|Mixed Platforms.ActiveCfg = Release|x86
		{9C003731-1D47-4E89-B598-B10ED16EA2BF}.Release|Mixed Platforms.Build.0 = Release|x86
		{9C003731-1D47-4E89-B598-B10ED16EA2BF}.Release|x64.ActiveCfg = Release|x64
		{9C003731-1D47-4E89-B598-B10ED16EA2BF}.Release|x64.Build.0 = Release|x64
		{9C003731-1D47-4E89-B598-B10ED16EA2BF}.Release|x86.ActiveCfg = Release|x86
		{9C003731-1D47-4E89-B598-B10ED16EA2BF}.Release|x86.Build.0 = Release|x86
		{6B67BBDA-F27B-4905-8F5C-490C3B8AE7F1}.Debug|Any CPU.ActiveCfg = Debug|Any CPU
		{6B67BBDA-F27B-4905-8F5C-490C3B8AE7F1}.Debug|Any CPU.Build.0 = Debug|Any CPU
		{6B67BBDA-F27B-4905-8F5C-490C3B8AE7F1}.Debug|Mixed Platforms.ActiveCfg = Debug|x86
		{6B67BBDA-F27B-4905-8F5C-490C3B8AE7F1}.Debug|Mixed Platforms.Build.0 = Debug|x86
		{6B67BBDA-F27B-4905-8F5C-490C3B8AE7F1}.Debug|x64.ActiveCfg = Debug|x64
		{6B67BBDA-F27B-4905-8F5C-490C3B8AE7F1}.Debug|x64.Build.0 = Debug|x64
		{6B67BBDA-F27B-4905-8F5C-490C3B8AE7F1}.Debug|x86.ActiveCfg = Debug|x86
		{6B67BBDA-F27B-4905-8F5C-490C3B8AE7F1}.Debug|x86.Build.0 = Debug|x86
		{6B67BBDA-F27B-4905-8F5C-490C3B8AE7F1}.Release|Any CPU.ActiveCfg = Release|Any CPU
		{6B67BBDA-F27B-4905-8F5C-490C3B8AE7F1}.Release|Any CPU.Build.0 = Release|Any CPU
		{6B67BBDA-F27B-4905-8F5C-490C3B8AE7F1}.Release|Mixed Platforms.ActiveCfg = Release|x86
		{6B67BBDA-F27B-4905-8F5C-490C3B8AE7F1}.Release|Mixed Platforms.Build.0 = Release|x86
		{6B67BBDA-F27B-4905-8F5C-490C3B8AE7F1}.Release|x64.ActiveCfg = Release|x64
		{6B67BBDA-F27B-4905-8F5C-490C3B8AE7F1}.Release|x64.Build.0 = Release|x64
		{6B67BBDA-F27B-4905-8F5C-490C3B8AE7F1}.Release|x86.ActiveCfg = Release|x86
		{6B67BBDA-F27B-4905-8F5C-490C3B8AE7F1}.Release|x86.Build.0 = Release|x86
	EndGlobalSection
	GlobalSection(SolutionProperties) = preSolution
		HideSolutionNode = FALSE
	EndGlobalSection
EndGlobal
