
Microsoft Visual Studio Solution File, Format Version 12.00
# Visual Studio 2013
VisualStudioVersion = 12.0.40629.0
MinimumVisualStudioVersion = 10.0.40219.1
Project("{FAE04EC0-301F-11D3-BF4B-00C04F79EFBC}") = "VVVV.Packs.Messaging.Nodes", "MessageNodes\VVVV.Packs.Messaging.Nodes.csproj", "{6A0AFB1F-8219-4A08-85F7-B7F19B66AC16}"
	ProjectSection(ProjectDependencies) = postProject
		{6B67BBDA-F27B-4905-8F5C-490C3B8AE7F1} = {6B67BBDA-F27B-4905-8F5C-490C3B8AE7F1}
	EndProjectSection
EndProject
Project("{FAE04EC0-301F-11D3-BF4B-00C04F79EFBC}") = "VVVV.Packs.Messaging.Core", "MessageCore\VVVV.Packs.Messaging.Core.csproj", "{C2F6EC8A-AA56-4121-B60F-72012D192835}"
EndProject
Project("{FAE04EC0-301F-11D3-BF4B-00C04F79EFBC}") = "VVVV.Packs.Messaging.OSC", "OSC\VVVV.Packs.Messaging.OSC.csproj", "{9C003731-1D47-4E89-B598-B10ED16EA2BF}"
EndProject
Project("{FAE04EC0-301F-11D3-BF4B-00C04F79EFBC}") = "VVVV.Nodes.Generic.itl", "SpreadOperations\VVVV.Nodes.Generic.itl.csproj", "{6B67BBDA-F27B-4905-8F5C-490C3B8AE7F1}"
EndProject
Project("{2150E333-8FDC-42A3-9474-1A3956D46DE8}") = ".nuget", ".nuget", "{1A4034C0-5DED-4AF0-88B5-7B4E445187FF}"
	ProjectSection(SolutionItems) = preProject
		.nuget\NuGet.Config = .nuget\NuGet.Config
		.nuget\NuGet.exe = .nuget\NuGet.exe
		.nuget\NuGet.targets = .nuget\NuGet.targets
	EndProjectSection
EndProject
Project("{FAE04EC0-301F-11D3-BF4B-00C04F79EFBC}") = "VVVV.Packs.Messaging.Tests", "Tests\VVVV.Packs.Messaging.Tests.csproj", "{13A9D7B7-BD30-4624-8000-BD5F5B303949}"
EndProject
Global
	GlobalSection(SolutionConfigurationPlatforms) = preSolution
		Debug|x64 = Debug|x64
		Debug|x86 = Debug|x86
		Release|x64 = Release|x64
		Release|x86 = Release|x86
	EndGlobalSection
	GlobalSection(ProjectConfigurationPlatforms) = postSolution
		{6A0AFB1F-8219-4A08-85F7-B7F19B66AC16}.Debug|x64.ActiveCfg = Debug|x64
		{6A0AFB1F-8219-4A08-85F7-B7F19B66AC16}.Debug|x64.Build.0 = Debug|x64
		{6A0AFB1F-8219-4A08-85F7-B7F19B66AC16}.Debug|x86.ActiveCfg = Debug|x86
		{6A0AFB1F-8219-4A08-85F7-B7F19B66AC16}.Debug|x86.Build.0 = Debug|x86
		{6A0AFB1F-8219-4A08-85F7-B7F19B66AC16}.Release|x64.ActiveCfg = Release|x64
		{6A0AFB1F-8219-4A08-85F7-B7F19B66AC16}.Release|x64.Build.0 = Release|x64
		{6A0AFB1F-8219-4A08-85F7-B7F19B66AC16}.Release|x86.ActiveCfg = Release|x86
		{6A0AFB1F-8219-4A08-85F7-B7F19B66AC16}.Release|x86.Build.0 = Release|x86
		{C2F6EC8A-AA56-4121-B60F-72012D192835}.Debug|x64.ActiveCfg = Debug|Any CPU
		{C2F6EC8A-AA56-4121-B60F-72012D192835}.Debug|x64.Build.0 = Debug|Any CPU
		{C2F6EC8A-AA56-4121-B60F-72012D192835}.Debug|x86.ActiveCfg = Debug|Any CPU
		{C2F6EC8A-AA56-4121-B60F-72012D192835}.Debug|x86.Build.0 = Debug|Any CPU
		{C2F6EC8A-AA56-4121-B60F-72012D192835}.Release|x64.ActiveCfg = Release|Any CPU
		{C2F6EC8A-AA56-4121-B60F-72012D192835}.Release|x64.Build.0 = Release|Any CPU
		{C2F6EC8A-AA56-4121-B60F-72012D192835}.Release|x86.ActiveCfg = Release|Any CPU
		{C2F6EC8A-AA56-4121-B60F-72012D192835}.Release|x86.Build.0 = Release|Any CPU
		{9C003731-1D47-4E89-B598-B10ED16EA2BF}.Debug|x64.ActiveCfg = Debug|x64
		{9C003731-1D47-4E89-B598-B10ED16EA2BF}.Debug|x64.Build.0 = Debug|x64
		{9C003731-1D47-4E89-B598-B10ED16EA2BF}.Debug|x86.ActiveCfg = Debug|x86
		{9C003731-1D47-4E89-B598-B10ED16EA2BF}.Debug|x86.Build.0 = Debug|x86
		{9C003731-1D47-4E89-B598-B10ED16EA2BF}.Release|x64.ActiveCfg = Release|x64
		{9C003731-1D47-4E89-B598-B10ED16EA2BF}.Release|x64.Build.0 = Release|x64
		{9C003731-1D47-4E89-B598-B10ED16EA2BF}.Release|x86.ActiveCfg = Release|x86
		{9C003731-1D47-4E89-B598-B10ED16EA2BF}.Release|x86.Build.0 = Release|x86
		{6B67BBDA-F27B-4905-8F5C-490C3B8AE7F1}.Debug|x64.ActiveCfg = Debug|x64
		{6B67BBDA-F27B-4905-8F5C-490C3B8AE7F1}.Debug|x64.Build.0 = Debug|x64
		{6B67BBDA-F27B-4905-8F5C-490C3B8AE7F1}.Debug|x64.Deploy.0 = Debug|x64
		{6B67BBDA-F27B-4905-8F5C-490C3B8AE7F1}.Debug|x86.ActiveCfg = Debug|x86
		{6B67BBDA-F27B-4905-8F5C-490C3B8AE7F1}.Debug|x86.Build.0 = Debug|x86
		{6B67BBDA-F27B-4905-8F5C-490C3B8AE7F1}.Release|x64.ActiveCfg = Release|x64
		{6B67BBDA-F27B-4905-8F5C-490C3B8AE7F1}.Release|x64.Build.0 = Release|x64
		{6B67BBDA-F27B-4905-8F5C-490C3B8AE7F1}.Release|x86.ActiveCfg = Release|x86
		{6B67BBDA-F27B-4905-8F5C-490C3B8AE7F1}.Release|x86.Build.0 = Release|x86
		{13A9D7B7-BD30-4624-8000-BD5F5B303949}.Debug|x64.ActiveCfg = Debug|x64
		{13A9D7B7-BD30-4624-8000-BD5F5B303949}.Debug|x64.Build.0 = Debug|x64
		{13A9D7B7-BD30-4624-8000-BD5F5B303949}.Debug|x86.ActiveCfg = Debug|x86
		{13A9D7B7-BD30-4624-8000-BD5F5B303949}.Debug|x86.Build.0 = Debug|x86
		{13A9D7B7-BD30-4624-8000-BD5F5B303949}.Release|x64.ActiveCfg = Release|x64
		{13A9D7B7-BD30-4624-8000-BD5F5B303949}.Release|x86.ActiveCfg = Release|x86
	EndGlobalSection
	GlobalSection(SolutionProperties) = preSolution
		HideSolutionNode = FALSE
	EndGlobalSection
EndGlobal
